
Microsoft Visual Studio Solution File, Format Version 12.00
# Visual Studio Version 17
VisualStudioVersion = 17.13.35806.99
MinimumVisualStudioVersion = 10.0.40219.1
Project("{FAE04EC0-301F-11D3-BF4B-00C04F79EFBC}") = "MinimalAPIprojektLektion240304", "MinimalAPIprojektLektion240304.csproj", "{08E8E020-E83E-413B-B025-647D823F6DA4}"
EndProject
Global
	GlobalSection(SolutionConfigurationPlatforms) = preSolution
		Debug|Any CPU = Debug|Any CPU
		Release|Any CPU = Release|Any CPU
	EndGlobalSection
	GlobalSection(ProjectConfigurationPlatforms) = postSolution
		{08E8E020-E83E-413B-B025-647D823F6DA4}.Debug|Any CPU.ActiveCfg = Debug|Any CPU
		{08E8E020-E83E-413B-B025-647D823F6DA4}.Debug|Any CPU.Build.0 = Debug|Any CPU
		{08E8E020-E83E-413B-B025-647D823F6DA4}.Release|Any CPU.ActiveCfg = Release|Any CPU
		{08E8E020-E83E-413B-B025-647D823F6DA4}.Release|Any CPU.Build.0 = Release|Any CPU
	EndGlobalSection
	GlobalSection(SolutionProperties) = preSolution
		HideSolutionNode = FALSE
	EndGlobalSection
	GlobalSection(ExtensibilityGlobals) = postSolution
		SolutionGuid = {7EA3FDF8-D2CD-4F73-A143-7DFF99D13253}
	EndGlobalSection
EndGlobal
